
Microsoft Visual Studio Solution File, Format Version 12.00
# Visual Studio Version 17
VisualStudioVersion = 17.5.002.0
MinimumVisualStudioVersion = 10.0.40219.1
Project("{9A19103F-16F7-4668-BE54-9A1E7A4F7556}") = "ContosoTeamStats", "ContosoTeamStats.csproj", "{BB1087DA-16EF-4F4F-94DA-1F976B2C10B1}"
EndProject
Global
	GlobalSection(SolutionConfigurationPlatforms) = preSolution
		Debug|Any CPU = Debug|Any CPU
		Release|Any CPU = Release|Any CPU
	EndGlobalSection
	GlobalSection(ProjectConfigurationPlatforms) = postSolution
		{BB1087DA-16EF-4F4F-94DA-1F976B2C10B1}.Debug|Any CPU.ActiveCfg = Debug|Any CPU
		{BB1087DA-16EF-4F4F-94DA-1F976B2C10B1}.Debug|Any CPU.Build.0 = Debug|Any CPU
		{BB1087DA-16EF-4F4F-94DA-1F976B2C10B1}.Release|Any CPU.ActiveCfg = Release|Any CPU
		{BB1087DA-16EF-4F4F-94DA-1F976B2C10B1}.Release|Any CPU.Build.0 = Release|Any CPU
	EndGlobalSection
	GlobalSection(SolutionProperties) = preSolution
		HideSolutionNode = FALSE
	EndGlobalSection
	GlobalSection(ExtensibilityGlobals) = postSolution
		SolutionGuid = {6CE1DC87-30BB-46D1-B6BA-6279F6DE58B8}
	EndGlobalSection
EndGlobal
